
Microsoft Visual Studio Solution File, Format Version 12.00
# Visual Studio Version 16
VisualStudioVersion = 16.0.29215.179
MinimumVisualStudioVersion = 10.0.40219.1
Project("{FAE04EC0-301F-11D3-BF4B-00C04F79EFBC}") = "BaseballGame", "BaseballGame\BaseballGame.csproj", "{1A519F13-49D2-4C75-8270-E371E2F892DA}"
EndProject
Project("{FAE04EC0-301F-11D3-BF4B-00C04F79EFBC}") = "ClassLibrary1", "ClassLibrary1\ClassLibrary1.csproj", "{F62810F1-D82F-4FD1-BC78-90289B6080CF}"
EndProject
Global
	GlobalSection(SolutionConfigurationPlatforms) = preSolution
		Debug|Any CPU = Debug|Any CPU
		Release|Any CPU = Release|Any CPU
	EndGlobalSection
	GlobalSection(ProjectConfigurationPlatforms) = postSolution
		{1A519F13-49D2-4C75-8270-E371E2F892DA}.Debug|Any CPU.ActiveCfg = Debug|Any CPU
		{1A519F13-49D2-4C75-8270-E371E2F892DA}.Debug|Any CPU.Build.0 = Debug|Any CPU
		{1A519F13-49D2-4C75-8270-E371E2F892DA}.Release|Any CPU.ActiveCfg = Release|Any CPU
		{1A519F13-49D2-4C75-8270-E371E2F892DA}.Release|Any CPU.Build.0 = Release|Any CPU
		{F62810F1-D82F-4FD1-BC78-90289B6080CF}.Debug|Any CPU.ActiveCfg = Debug|Any CPU
		{F62810F1-D82F-4FD1-BC78-90289B6080CF}.Debug|Any CPU.Build.0 = Debug|Any CPU
		{F62810F1-D82F-4FD1-BC78-90289B6080CF}.Release|Any CPU.ActiveCfg = Release|Any CPU
		{F62810F1-D82F-4FD1-BC78-90289B6080CF}.Release|Any CPU.Build.0 = Release|Any CPU
	EndGlobalSection
	GlobalSection(SolutionProperties) = preSolution
		HideSolutionNode = FALSE
	EndGlobalSection
	GlobalSection(ExtensibilityGlobals) = postSolution
		SolutionGuid = {6333BED6-1063-4A57-9C68-3320AC740A25}
	EndGlobalSection
EndGlobal
