
Microsoft Visual Studio Solution File, Format Version 12.00
# Visual Studio Version 16
VisualStudioVersion = 16.0.29215.179
MinimumVisualStudioVersion = 10.0.40219.1
Project("{FAE04EC0-301F-11D3-BF4B-00C04F79EFBC}") = "ConsoleApp0911", "ConsoleApp0911\ConsoleApp0911.csproj", "{378C2F89-8D22-4716-A940-3A990A3321F4}"
EndProject
Global
	GlobalSection(SolutionConfigurationPlatforms) = preSolution
		Debug|Any CPU = Debug|Any CPU
		Release|Any CPU = Release|Any CPU
	EndGlobalSection
	GlobalSection(ProjectConfigurationPlatforms) = postSolution
		{378C2F89-8D22-4716-A940-3A990A3321F4}.Debug|Any CPU.ActiveCfg = Debug|Any CPU
		{378C2F89-8D22-4716-A940-3A990A3321F4}.Debug|Any CPU.Build.0 = Debug|Any CPU
		{378C2F89-8D22-4716-A940-3A990A3321F4}.Release|Any CPU.ActiveCfg = Release|Any CPU
		{378C2F89-8D22-4716-A940-3A990A3321F4}.Release|Any CPU.Build.0 = Release|Any CPU
	EndGlobalSection
	GlobalSection(SolutionProperties) = preSolution
		HideSolutionNode = FALSE
	EndGlobalSection
	GlobalSection(ExtensibilityGlobals) = postSolution
		SolutionGuid = {34094330-0E42-48B2-B285-88ACE4CC4B5B}
	EndGlobalSection
EndGlobal
